# This file is generated by running "yarn install" inside your project.
# Manual changes might be lost - proceed with caution!

__metadata:
  version: 6
  cacheKey: 8

"legacy@workspace:.":
  version: 0.0.0-use.local
  resolution: "legacy@workspace:."
  dependencies:
    lodash.get: ^4.4.2
  languageName: unknown
  linkType: soft

"lodash.get@npm:^4.4.2":
  version: 4.4.2
  resolution: "lodash.get@npm:4.4.2"
  checksum: e403047ddb03181c9d0e92df9556570e2b67e0f0a930fcbbbd779370972368f5568e914f913e93f3b08f6d492abc71e14d4e9b7a18916c31fa04bd2306efe545
  languageName: node
  linkType: hard
